
Microsoft Visual Studio Solution File, Format Version 12.00
# Visual Studio Version 16
VisualStudioVersion = 16.0.31729.503
MinimumVisualStudioVersion = 10.0.40219.1
Project("{FAE04EC0-301F-11D3-BF4B-00C04F79EFBC}") = "Cameras", "Cameras\Cameras.csproj", "{4158AE1A-F1D9-4A7E-8102-90F5129D95D1}"
EndProject
Global
	GlobalSection(SolutionConfigurationPlatforms) = preSolution
		Debug|Any CPU = Debug|Any CPU
		Release|Any CPU = Release|Any CPU
	EndGlobalSection
	GlobalSection(ProjectConfigurationPlatforms) = postSolution
		{4158AE1A-F1D9-4A7E-8102-90F5129D95D1}.Debug|Any CPU.ActiveCfg = Debug|Any CPU
		{4158AE1A-F1D9-4A7E-8102-90F5129D95D1}.Debug|Any CPU.Build.0 = Debug|Any CPU
		{4158AE1A-F1D9-4A7E-8102-90F5129D95D1}.Release|Any CPU.ActiveCfg = Release|Any CPU
		{4158AE1A-F1D9-4A7E-8102-90F5129D95D1}.Release|Any CPU.Build.0 = Release|Any CPU
	EndGlobalSection
	GlobalSection(SolutionProperties) = preSolution
		HideSolutionNode = FALSE
	EndGlobalSection
	GlobalSection(ExtensibilityGlobals) = postSolution
		SolutionGuid = {42F277B8-764C-46AC-9D93-1358AC39C774}
	EndGlobalSection
EndGlobal
